PODS:
  - app_settings (5.1.1):
    - Flutter
  - bandpass_ble_connection (0.0.1):
    - Flutter
    - RxSwift (~> 6.0)
    - SwiftyJSON (~> 5.0)
  - device_info_plus (0.0.1):
    - Flutter
  - Flutter (1.0.0)
  - integration_test (0.0.1):
    - Flutter
  - location (0.0.1):
    - Flutter
  - permission_handler_apple (9.3.0):
    - Flutter
  - RxSwift (6.9.0)
  - SwiftyJSON (5.0.2)

DEPENDENCIES:
  - app_settings (from `.symlinks/plugins/app_settings/ios`)
  - bandpass_ble_connection (from `.symlinks/plugins/bandpass_ble_connection/ios`)
  - device_info_plus (from `.symlinks/plugins/device_info_plus/ios`)
  - Flutter (from `Flutter`)
  - integration_test (from `.symlinks/plugins/integration_test/ios`)
  - location (from `.symlinks/plugins/location/ios`)
  - permission_handler_apple (from `.symlinks/plugins/permission_handler_apple/ios`)

SPEC REPOS:
  trunk:
    - RxSwift
    - SwiftyJSON

EXTERNAL SOURCES:
  app_settings:
    :path: ".symlinks/plugins/app_settings/ios"
  bandpass_ble_connection:
    :path: ".symlinks/plugins/bandpass_ble_connection/ios"
  device_info_plus:
    :path: ".symlinks/plugins/device_info_plus/ios"
  Flutter:
    :path: Flutter
  integration_test:
    :path: ".symlinks/plugins/integration_test/ios"
  location:
    :path: ".symlinks/plugins/location/ios"
  permission_handler_apple:
    :path: ".symlinks/plugins/permission_handler_apple/ios"

SPEC CHECKSUMS:
  app_settings: 3507c575c2b18a462c99948f61d5de21d4420999
  bandpass_ble_connection: a724bfc070b537dc4ac4d50d0ae1ff51b54d8c11
  device_info_plus: 21fcca2080fbcd348be798aa36c3e5ed849eefbe
  Flutter: cabc95a1d2626b1b06e7179b784ebcf0c0cde467
  integration_test: 4a889634ef21a45d28d50d622cf412dc6d9f586e
  location: 155caecf9da4f280ab5fe4a55f94ceccfab838f8
  permission_handler_apple: 4ed2196e43d0651e8ff7ca3483a069d469701f2d
  RxSwift: 31649ace6aceeb422e16ff71c60804f9c3281ed9
  SwiftyJSON: f5b1bf1cd8dd53cd25887ac0eabcfd92301c6a5a

PODFILE CHECKSUM: a57f30d18f102dd3ce366b1d62a55ecbef2158e5

COCOAPODS: 1.16.2
